{
  "name": "03-package",
  "version": "1.0.0",
  "lockfileVersion": 1,
  "requires": true,
  "dependencies": {
    "charenc": {
      "version": "0.0.2",
      "resolved": "http://r.cnpmjs.org/charenc/download/charenc-0.0.2.tgz",
      "integrity": "sha1-wKHS86cJLgN3S/qD8UwPxXkKhmc="
    },
    "crypt": {
      "version": "0.0.2",
      "resolved": "http://r.cnpmjs.org/crypt/download/crypt-0.0.2.tgz",
      "integrity": "sha1-iNf/fsDfuG9xPch7u0LQRNPmxBs="
    },
    "is-buffer": {
      "version": "1.1.6",
      "resolved": "http://r.cnpmjs.org/is-buffer/download/is-buffer-1.1.6.tgz",
      "integrity": "sha1-76ouqdqg16suoTqXsritUf776L4="
    },
    "jquery": {
      "version": "3.4.1",
      "resolved": "http://r.cnpmjs.org/jquery/download/jquery-3.4.1.tgz",
      "integrity": "sha1-cU8fjZ3eS9+lV2S6N+8hRjDYDvI="
    },
    "md5": {
      "version": "2.2.1",
      "resolved": "http://r.cnpmjs.org/md5/download/md5-2.2.1.tgz",
      "integrity": "sha1-U6s41f48iJG6RlMp6iP6wFQBJvk=",
      "requires": {
        "charenc": "~0.0.1",
        "crypt": "~0.0.1",
        "is-buffer": "~1.1.1"
      }
    },
    "silly-datetime": {
      "version": "0.1.2",
      "resolved": "http://r.cnpmjs.org/silly-datetime/download/silly-datetime-0.1.2.tgz",
      "integrity": "sha1-IZeOjo2EgWFgY6wRL/FGk/BuuFs="
    }
  }
}
